
Microsoft Visual Studio Solution File, Format Version 12.00
# Visual Studio 15
VisualStudioVersion = 15.0.26430.6
MinimumVisualStudioVersion = 10.0.40219.1
Project("{8BC9CEB8-8B4A-11D0-8D11-00A0C91BC942}") = "Lua", "Lua.vcxproj", "{235D1887-3CD7-4754-963A-1BD2EAD55991}"
EndProject
Global
	GlobalSection(SolutionConfigurationPlatforms) = preSolution
		Release|x64 = Release|x64
	EndGlobalSection
	GlobalSection(ProjectConfigurationPlatforms) = postSolution
		{235D1887-3CD7-4754-963A-1BD2EAD55991}.Release|x64.ActiveCfg = Release|x64
		{235D1887-3CD7-4754-963A-1BD2EAD55991}.Release|x64.Build.0 = Release|x64
	EndGlobalSection
	GlobalSection(SolutionProperties) = preSolution
		HideSolutionNode = FALSE
	EndGlobalSection
	GlobalSection(ExtensibilityGlobals) = postSolution
		SolutionGuid = {ED6391D3-03A4-461B-8DFE-0644369FBAE7}
	EndGlobalSection
EndGlobal
